
Microsoft Visual Studio Solution File, Format Version 12.00
# Visual Studio Version 17
VisualStudioVersion = 17.9.34622.214
MinimumVisualStudioVersion = 10.0.40219.1
Project("{9A19103F-16F7-4668-BE54-9A1E7A4F7556}") = "Transport.WebApp", "Transport.WebApp\Transport.WebApp.csproj", "{7DA3C52A-4B42-400B-A5CF-458227513229}"
EndProject
Project("{9A19103F-16F7-4668-BE54-9A1E7A4F7556}") = "Transport.Core", "Transport.Core\Transport.Core.csproj", "{0BA1A402-91E0-4817-A021-1BE6A95F6D10}"
EndProject
Project("{9A19103F-16F7-4668-BE54-9A1E7A4F7556}") = "Transport.Infrastructure", "Transport.Infrastructure\Transport.Infrastructure.csproj", "{0E66B646-931E-46C3-89AA-FDD69F322227}"
EndProject
Project("{9A19103F-16F7-4668-BE54-9A1E7A4F7556}") = "Transport.WebAppMvc", "Transport.WebAppMvc\Transport.WebAppMvc.csproj", "{4ABF8DB0-D281-47F5-A7FE-FF785A910682}"
EndProject
Global
	GlobalSection(SolutionConfigurationPlatforms) = preSolution
		Debug|Any CPU = Debug|Any CPU
		Release|Any CPU = Release|Any CPU
	EndGlobalSection
	GlobalSection(ProjectConfigurationPlatforms) = postSolution
		{7DA3C52A-4B42-400B-A5CF-458227513229}.Debug|Any CPU.ActiveCfg = Debug|Any CPU
		{7DA3C52A-4B42-400B-A5CF-458227513229}.Debug|Any CPU.Build.0 = Debug|Any CPU
		{7DA3C52A-4B42-400B-A5CF-458227513229}.Release|Any CPU.ActiveCfg = Release|Any CPU
		{7DA3C52A-4B42-400B-A5CF-458227513229}.Release|Any CPU.Build.0 = Release|Any CPU
		{0BA1A402-91E0-4817-A021-1BE6A95F6D10}.Debug|Any CPU.ActiveCfg = Debug|Any CPU
		{0BA1A402-91E0-4817-A021-1BE6A95F6D10}.Debug|Any CPU.Build.0 = Debug|Any CPU
		{0BA1A402-91E0-4817-A021-1BE6A95F6D10}.Release|Any CPU.ActiveCfg = Release|Any CPU
		{0BA1A402-91E0-4817-A021-1BE6A95F6D10}.Release|Any CPU.Build.0 = Release|Any CPU
		{0E66B646-931E-46C3-89AA-FDD69F322227}.Debug|Any CPU.ActiveCfg = Debug|Any CPU
		{0E66B646-931E-46C3-89AA-FDD69F322227}.Debug|Any CPU.Build.0 = Debug|Any CPU
		{0E66B646-931E-46C3-89AA-FDD69F322227}.Release|Any CPU.ActiveCfg = Release|Any CPU
		{0E66B646-931E-46C3-89AA-FDD69F322227}.Release|Any CPU.Build.0 = Release|Any CPU
		{4ABF8DB0-D281-47F5-A7FE-FF785A910682}.Debug|Any CPU.ActiveCfg = Debug|Any CPU
		{4ABF8DB0-D281-47F5-A7FE-FF785A910682}.Debug|Any CPU.Build.0 = Debug|Any CPU
		{4ABF8DB0-D281-47F5-A7FE-FF785A910682}.Release|Any CPU.ActiveCfg = Release|Any CPU
		{4ABF8DB0-D281-47F5-A7FE-FF785A910682}.Release|Any CPU.Build.0 = Release|Any CPU
	EndGlobalSection
	GlobalSection(SolutionProperties) = preSolution
		HideSolutionNode = FALSE
	EndGlobalSection
	GlobalSection(ExtensibilityGlobals) = postSolution
		SolutionGuid = {3D624820-C6E3-4F3E-9DF1-D31A830B3E2C}
	EndGlobalSection
EndGlobal
